
Microsoft Visual Studio Solution File, Format Version 12.00
# Visual Studio 15
VisualStudioVersion = 15.0.27428.2037
MinimumVisualStudioVersion = 10.0.40219.1
Project("{FAE04EC0-301F-11D3-BF4B-00C04F79EFBC}") = "Vidly", "Vidly\Vidly.csproj", "{031C2077-53A3-4FF0-A4F2-475065420E33}"
EndProject
Global
	GlobalSection(SolutionConfigurationPlatforms) = preSolution
		Debug|Any CPU = Debug|Any CPU
		Release|Any CPU = Release|Any CPU
	EndGlobalSection
	GlobalSection(ProjectConfigurationPlatforms) = postSolution
		{031C2077-53A3-4FF0-A4F2-475065420E33}.Debug|Any CPU.ActiveCfg = Debug|Any CPU
		{031C2077-53A3-4FF0-A4F2-475065420E33}.Debug|Any CPU.Build.0 = Debug|Any CPU
		{031C2077-53A3-4FF0-A4F2-475065420E33}.Release|Any CPU.ActiveCfg = Release|Any CPU
		{031C2077-53A3-4FF0-A4F2-475065420E33}.Release|Any CPU.Build.0 = Release|Any CPU
	EndGlobalSection
	GlobalSection(SolutionProperties) = preSolution
		HideSolutionNode = FALSE
	EndGlobalSection
	GlobalSection(ExtensibilityGlobals) = postSolution
		SolutionGuid = {ADC92A3D-1467-4763-BFC9-E4E1D2BE036D}
	EndGlobalSection
EndGlobal
